<?xml version="1.0" encoding="utf-8"?>
<Project ToolsVersion="4.0" xmlns="http://schemas.microsoft.com/developer/msbuild/2003">
  <ItemGroup>
    <Filter Include="Weapons">
      <UniqueIdentifier>{696a56ad-b565-4214-a527-3045a2218b7a}</UniqueIdentifier>
    </Filter>
    <Filter Include="Weapons\Boomerang">
      <UniqueIdentifier>{7c489f10-eccc-40a6-9749-e6cacf3c5009}</UniqueIdentifier>
    </Filter>
    <Filter Include="Weapons\BaseWeapon">
      <UniqueIdentifier>{7884bd8f-6371-48ae-beaa-e408146ded2f}</UniqueIdentifier>
    </Filter>
    <Filter Include="Main">
      <UniqueIdentifier>{4FC737F1-C7A5-4376-A066-2A32D752A2FF}</UniqueIdentifier>
      <Extensions>cpp;c;cc;cxx;def;odl;idl;hpj;bat;asm;asmx</Extensions>
    </Filter>
    <Filter Include="Weapons\Sword!">
      <UniqueIdentifier>{154fb3f6-f627-4d68-8471-cc00887f6ecf}</UniqueIdentifier>
    </Filter>
    <Filter Include="CONFIG">
      <UniqueIdentifier>{93995380-89BD-4b04-88EB-625FBE52EBFB}</UniqueIdentifier>
      <Extensions>h;hpp;hxx;hm;inl;inc;xsd</Extensions>
    </Filter>
    <Filter Include="%2a%2aSOUND%2a%2a">
      <UniqueIdentifier>{5ac6ebef-eff2-47d0-adf4-1ee7f79ff026}</UniqueIdentifier>
    </Filter>
    <Filter Include="GUI">
      <UniqueIdentifier>{233cbfd7-655c-4c95-86ec-11d27e710663}</UniqueIdentifier>
    </Filter>
    <Filter Include="Weapons\Shield">
      <UniqueIdentifier>{b273728c-ffbb-4f37-8418-1d1dd6e776bb}</UniqueIdentifier>
    </Filter>
    <Filter Include="Game Stuff/ Utilities">
      <UniqueIdentifier>{a767ec50-1d7a-400c-8e8b-92649f349c53}</UniqueIdentifier>
    </Filter>
    <Filter Include="Game Stuff/ Utilities\Timer">
      <UniqueIdentifier>{e4f61082-d223-49c9-af21-14eb7edb9823}</UniqueIdentifier>
    </Filter>
    <Filter Include="Game Stuff/ Utilities\Input/Output">
      <UniqueIdentifier>{b9c7f50d-9f61-403f-9f6d-ec7e4402d89c}</UniqueIdentifier>
    </Filter>
    <Filter Include="Game Stuff/ Utilities\Image stuff">
      <UniqueIdentifier>{d968f302-e634-449e-940d-e9f29849ed70}</UniqueIdentifier>
    </Filter>
    <Filter Include="Game Stuff/ Utilities\Camera">
      <UniqueIdentifier>{2eaf03e6-8a41-4cfd-8b6b-eb9e77a90f5a}</UniqueIdentifier>
    </Filter>
    <Filter Include="Game Stuff/ Utilities\Collision Detection">
      <UniqueIdentifier>{10efe37a-db1e-402e-b005-7d74e0cbb544}</UniqueIdentifier>
    </Filter>
    <Filter Include="Game Stuff/ Utilities\Font/Text">
      <UniqueIdentifier>{4eefbc26-28a2-4835-aaa1-26d597524442}</UniqueIdentifier>
    </Filter>
    <Filter Include="Game Stuff/ Utilities\Collision Detection\Manager">
      <UniqueIdentifier>{ca5829d0-098b-4c44-a9c4-b3c9fde12d6c}</UniqueIdentifier>
    </Filter>
    <Filter Include="Maps and Objects">
      <UniqueIdentifier>{124ac2c1-67b0-41e9-b7bd-0307a3357cc7}</UniqueIdentifier>
    </Filter>
    <Filter Include="Maps and Objects\Tiles">
      <UniqueIdentifier>{65c98ad4-8240-4374-9285-d8b8460ae9f7}</UniqueIdentifier>
    </Filter>
    <Filter Include="Maps and Objects\MapEditor">
      <UniqueIdentifier>{7fb2874e-ea14-4822-86e0-cc999242bcb5}</UniqueIdentifier>
    </Filter>
    <Filter Include="Maps and Objects\Objects">
      <UniqueIdentifier>{64399fd5-b400-44d2-85f8-1e189f325487}</UniqueIdentifier>
    </Filter>
    <Filter Include="Maps and Objects\Objects\Background Manager">
      <UniqueIdentifier>{083631e4-80e5-47d6-99d6-b23ed9111747}</UniqueIdentifier>
    </Filter>
    <Filter Include="Players and Enemies">
      <UniqueIdentifier>{aaa24c8f-3af4-41be-bb4d-b1a5868a7cfe}</UniqueIdentifier>
    </Filter>
    <Filter Include="Players and Enemies\Player">
      <UniqueIdentifier>{adefc042-6494-415f-8088-8044bca45046}</UniqueIdentifier>
    </Filter>
    <Filter Include="Players and Enemies\Enemies">
      <UniqueIdentifier>{a5101092-814a-4408-b5c7-16e13369f68a}</UniqueIdentifier>
    </Filter>
    <Filter Include="Players and Enemies\Base Entity">
      <UniqueIdentifier>{2b3f674d-3941-427a-9b84-92e2660e0dc1}</UniqueIdentifier>
    </Filter>
    <Filter Include="Particles">
      <UniqueIdentifier>{9765a45d-cea6-4463-bb56-903adf6b2158}</UniqueIdentifier>
    </Filter>
    <Filter Include="Game Stuff/ Utilities\Bit Manip">
      <UniqueIdentifier>{56504003-2f8e-4de8-9fa1-6286a7603db6}</UniqueIdentifier>
    </Filter>
    <Filter Include="Game Stuff/ Utilities\Display HitPoints">
      <UniqueIdentifier>{74dd6bf8-83df-4f86-a2b8-315e74222159}</UniqueIdentifier>
    </Filter>
    <Filter Include="Network/Netplay">
      <UniqueIdentifier>{4509b613-0a95-459a-955e-769886a0233f}</UniqueIdentifier>
    </Filter>
    <Filter Include="Network/Netplay\Server">
      <UniqueIdentifier>{b7c8de2c-d2c2-48db-ab72-79ce1c5a32f4}</UniqueIdentifier>
    </Filter>
    <Filter Include="Network/Netplay\Client">
      <UniqueIdentifier>{fca86d95-afde-4fbe-bddd-b5f97c79ab78}</UniqueIdentifier>
    </Filter>
  </ItemGroup>
  <ItemGroup>
    <ClCompile Include="src\AudioManager.cpp">
      <Filter>%2a%2aSOUND%2a%2a</Filter>
    </ClCompile>
    <ClCompile Include="src\BaseWeapon.cpp">
      <Filter>Weapons\BaseWeapon</Filter>
    </ClCompile>
    <ClCompile Include="src\Boomerang.cpp">
      <Filter>Weapons\Boomerang</Filter>
    </ClCompile>
    <ClCompile Include="src\Shield.cpp">
      <Filter>Weapons\Shield</Filter>
    </ClCompile>
    <ClCompile Include="src\Sword.cpp">
      <Filter>Weapons\Sword!</Filter>
    </ClCompile>
    <ClCompile Include="src\Player1.cpp">
      <Filter>Players and Enemies\Player</Filter>
    </ClCompile>
    <ClCompile Include="src\Enemy1.cpp">
      <Filter>Players and Enemies\Enemies</Filter>
    </ClCompile>
    <ClCompile Include="src\BaseEntity.cpp">
      <Filter>Players and Enemies\Base Entity</Filter>
    </ClCompile>
    <ClCompile Include="src\Particles.cpp">
      <Filter>Particles</Filter>
    </ClCompile>
    <ClCompile Include="src\Main.cpp">
      <Filter>Main</Filter>
    </ClCompile>
    <ClCompile Include="src\GUI.cpp">
      <Filter>GUI</Filter>
    </ClCompile>
    <ClCompile Include="src\BitManipulation.cpp">
      <Filter>Game Stuff/ Utilities\Bit Manip</Filter>
    </ClCompile>
    <ClCompile Include="src\Camera.cpp">
      <Filter>Game Stuff/ Utilities\Camera</Filter>
    </ClCompile>
    <ClCompile Include="src\CollisionManager.cpp">
      <Filter>Game Stuff/ Utilities\Collision Detection\Manager</Filter>
    </ClCompile>
    <ClCompile Include="src\Collision.cpp">
      <Filter>Game Stuff/ Utilities\Collision Detection</Filter>
    </ClCompile>
    <ClCompile Include="src\ShowDamage.cpp">
      <Filter>Game Stuff/ Utilities\Display HitPoints</Filter>
    </ClCompile>
    <ClCompile Include="src\TTF.cpp">
      <Filter>Game Stuff/ Utilities\Font/Text</Filter>
    </ClCompile>
    <ClCompile Include="src\LoadImage.cpp">
      <Filter>Game Stuff/ Utilities\Image stuff</Filter>
    </ClCompile>
    <ClCompile Include="src\ImageList.cpp">
      <Filter>Game Stuff/ Utilities\Image stuff</Filter>
    </ClCompile>
    <ClCompile Include="src\InputControls.cpp">
      <Filter>Game Stuff/ Utilities\Input/Output</Filter>
    </ClCompile>
    <ClCompile Include="src\Timer.cpp">
      <Filter>Game Stuff/ Utilities\Timer</Filter>
    </ClCompile>
    <ClCompile Include="src\TileManager.cpp">
      <Filter>Maps and Objects\Tiles</Filter>
    </ClCompile>
    <ClCompile Include="src\Tiles.cpp">
      <Filter>Maps and Objects\Tiles</Filter>
    </ClCompile>
    <ClCompile Include="src\WarpZone.cpp">
      <Filter>Maps and Objects\Objects</Filter>
    </ClCompile>
    <ClCompile Include="src\BG_Objects.cpp">
      <Filter>Maps and Objects\Objects</Filter>
    </ClCompile>
    <ClCompile Include="src\BackgroundManager.cpp">
      <Filter>Maps and Objects\Objects\Background Manager</Filter>
    </ClCompile>
    <ClCompile Include="src\MapEditor.cpp">
      <Filter>Maps and Objects\MapEditor</Filter>
    </ClCompile>
    <ClCompile Include="src\Server.cpp">
      <Filter>Network/Netplay\Server</Filter>
    </ClCompile>
    <ClCompile Include="src\Client.cpp">
      <Filter>Network/Netplay\Client</Filter>
    </ClCompile>
  </ItemGroup>
  <ItemGroup>
    <ClInclude Include="include\AudioManager.h">
      <Filter>%2a%2aSOUND%2a%2a</Filter>
    </ClInclude>
    <ClInclude Include="include\Config.h">
      <Filter>CONFIG</Filter>
    </ClInclude>
    <ClInclude Include="include\BaseWeapon.h">
      <Filter>Weapons\BaseWeapon</Filter>
    </ClInclude>
    <ClInclude Include="include\Boomerang.h">
      <Filter>Weapons\Boomerang</Filter>
    </ClInclude>
    <ClInclude Include="include\Shield.h">
      <Filter>Weapons\Shield</Filter>
    </ClInclude>
    <ClInclude Include="include\Sword.h">
      <Filter>Weapons\Sword!</Filter>
    </ClInclude>
    <ClInclude Include="include\Player1.h">
      <Filter>Players and Enemies\Player</Filter>
    </ClInclude>
    <ClInclude Include="include\Enemy1.h">
      <Filter>Players and Enemies\Enemies</Filter>
    </ClInclude>
    <ClInclude Include="include\BaseEntity.h">
      <Filter>Players and Enemies\Base Entity</Filter>
    </ClInclude>
    <ClInclude Include="include\Particles.h">
      <Filter>Particles</Filter>
    </ClInclude>
    <ClInclude Include="include\GUI.h">
      <Filter>GUI</Filter>
    </ClInclude>
    <ClInclude Include="include\BitManipulation.h">
      <Filter>Game Stuff/ Utilities\Bit Manip</Filter>
    </ClInclude>
    <ClInclude Include="include\Camera.h">
      <Filter>Game Stuff/ Utilities\Camera</Filter>
    </ClInclude>
    <ClInclude Include="include\CollisionManager.h">
      <Filter>Game Stuff/ Utilities\Collision Detection\Manager</Filter>
    </ClInclude>
    <ClInclude Include="include\Collision.h">
      <Filter>Game Stuff/ Utilities\Collision Detection</Filter>
    </ClInclude>
    <ClInclude Include="include\ShowDamage.h">
      <Filter>Game Stuff/ Utilities\Display HitPoints</Filter>
    </ClInclude>
    <ClInclude Include="include\TTF.h">
      <Filter>Game Stuff/ Utilities\Font/Text</Filter>
    </ClInclude>
    <ClInclude Include="include\LoadImage.h">
      <Filter>Game Stuff/ Utilities\Image stuff</Filter>
    </ClInclude>
    <ClInclude Include="include\ImageList.h">
      <Filter>Game Stuff/ Utilities\Image stuff</Filter>
    </ClInclude>
    <ClInclude Include="include\InputControls.h">
      <Filter>Game Stuff/ Utilities\Input/Output</Filter>
    </ClInclude>
    <ClInclude Include="include\Timer.h">
      <Filter>Game Stuff/ Utilities\Timer</Filter>
    </ClInclude>
    <ClInclude Include="include\TileManager.h">
      <Filter>Maps and Objects\Tiles</Filter>
    </ClInclude>
    <ClInclude Include="include\Tiles.h">
      <Filter>Maps and Objects\Tiles</Filter>
    </ClInclude>
    <ClInclude Include="include\WarpZone.h">
      <Filter>Maps and Objects\Objects</Filter>
    </ClInclude>
    <ClInclude Include="include\BG_Objects.h">
      <Filter>Maps and Objects\Objects</Filter>
    </ClInclude>
    <ClInclude Include="include\BackgroundManager.h">
      <Filter>Maps and Objects\Objects\Background Manager</Filter>
    </ClInclude>
    <ClInclude Include="include\MapEditor.h">
      <Filter>Maps and Objects\MapEditor</Filter>
    </ClInclude>
    <ClInclude Include="include\C_GameLobby.h">
      <Filter>Network/Netplay</Filter>
    </ClInclude>
    <ClInclude Include="include\Server.h">
      <Filter>Network/Netplay\Server</Filter>
    </ClInclude>
    <ClInclude Include="include\Client.h">
      <Filter>Network/Netplay\Client</Filter>
    </ClInclude>
  </ItemGroup>
</Project>